
Microsoft Visual Studio Solution File, Format Version 12.00
# Visual Studio Version 17
VisualStudioVersion = 17.14.36518.9 d17.14
MinimumVisualStudioVersion = 10.0.40219.1
Project("{FAE04EC0-301F-11D3-BF4B-00C04F79EFBC}") = "Lab7", "Lab7.csproj", "{43676AC1-3AFE-44BC-863B-0D3F00BBB7F6}"
EndProject
Global
	GlobalSection(SolutionConfigurationPlatforms) = preSolution
		Debug|Any CPU = Debug|Any CPU
		Release|Any CPU = Release|Any CPU
	EndGlobalSection
	GlobalSection(ProjectConfigurationPlatforms) = postSolution
		{43676AC1-3AFE-44BC-863B-0D3F00BBB7F6}.Debug|Any CPU.ActiveCfg = Debug|Any CPU
		{43676AC1-3AFE-44BC-863B-0D3F00BBB7F6}.Debug|Any CPU.Build.0 = Debug|Any CPU
		{43676AC1-3AFE-44BC-863B-0D3F00BBB7F6}.Release|Any CPU.ActiveCfg = Release|Any CPU
		{43676AC1-3AFE-44BC-863B-0D3F00BBB7F6}.Release|Any CPU.Build.0 = Release|Any CPU
	EndGlobalSection
	GlobalSection(SolutionProperties) = preSolution
		HideSolutionNode = FALSE
	EndGlobalSection
	GlobalSection(ExtensibilityGlobals) = postSolution
		SolutionGuid = {FABD29BE-30CB-498E-BE85-28569EDFB0B6}
	EndGlobalSection
EndGlobal
